
Microsoft Visual Studio Solution File, Format Version 12.00
# Visual Studio 15
VisualStudioVersion = 15.0.33026.149
MinimumVisualStudioVersion = 10.0.40219.1
Project("{FAE04EC0-301F-11D3-BF4B-00C04F79EFBC}") = "HomeWork3", "HomeWork3\HomeWork3.csproj", "{1AB4D241-5DF5-496D-96AE-2331F864CE10}"
EndProject
Global
	GlobalSection(SolutionConfigurationPlatforms) = preSolution
		Debug|Any CPU = Debug|Any CPU
		Release|Any CPU = Release|Any CPU
	EndGlobalSection
	GlobalSection(ProjectConfigurationPlatforms) = postSolution
		{1AB4D241-5DF5-496D-96AE-2331F864CE10}.Debug|Any CPU.ActiveCfg = Debug|Any CPU
		{1AB4D241-5DF5-496D-96AE-2331F864CE10}.Debug|Any CPU.Build.0 = Debug|Any CPU
		{1AB4D241-5DF5-496D-96AE-2331F864CE10}.Release|Any CPU.ActiveCfg = Release|Any CPU
		{1AB4D241-5DF5-496D-96AE-2331F864CE10}.Release|Any CPU.Build.0 = Release|Any CPU
	EndGlobalSection
	GlobalSection(SolutionProperties) = preSolution
		HideSolutionNode = FALSE
	EndGlobalSection
	GlobalSection(ExtensibilityGlobals) = postSolution
		SolutionGuid = {7B164602-548D-417F-9D44-1F6DF84343BC}
	EndGlobalSection
EndGlobal
