
Microsoft Visual Studio Solution File, Format Version 12.00
# Visual Studio Version 17
VisualStudioVersion = 17.6.33717.318
MinimumVisualStudioVersion = 10.0.40219.1
Project("{FAE04EC0-301F-11D3-BF4B-00C04F79EFBC}") = "RoyalProjects.Core", "RoyalProjects.Core\RoyalProjects.Core.csproj", "{3E8E0183-74C4-446F-9255-29CD7877E9C7}"
EndProject
Project("{FAE04EC0-301F-11D3-BF4B-00C04F79EFBC}") = "RoyalProjects.Repository", "Repository\RoyalProjects.Repository.csproj", "{A875BC89-3164-4A3F-B4CF-9CF539FE171B}"
EndProject
Project("{FAE04EC0-301F-11D3-BF4B-00C04F79EFBC}") = "RoyalProjects.Service", "RoyalProjects.Service\RoyalProjects.Service.csproj", "{20CBFFAC-1B79-4C34-9037-DFE99F9739B2}"
EndProject
Project("{FAE04EC0-301F-11D3-BF4B-00C04F79EFBC}") = "RoyalProjects.Api", "RoyalProjects.Api\RoyalProjects.Api.csproj", "{F55468E7-1605-427B-9571-594E085B6B6A}"
EndProject
Project("{FAE04EC0-301F-11D3-BF4B-00C04F79EFBC}") = "RoyalProjects.Web", "RoyalProjects.Web\RoyalProjects.Web.csproj", "{7B6EC09B-413D-497F-8144-9C212F3C2C7B}"
EndProject
Project("{FAE04EC0-301F-11D3-BF4B-00C04F79EFBC}") = "RoyalProjects.Caching", "RoyalProjects.Caching\RoyalProjects.Caching.csproj", "{1D7351E0-77D1-4E60-84E4-9C7537F3D031}"
EndProject
Global
	GlobalSection(SolutionConfigurationPlatforms) = preSolution
		Debug|Any CPU = Debug|Any CPU
		Release|Any CPU = Release|Any CPU
	EndGlobalSection
	GlobalSection(ProjectConfigurationPlatforms) = postSolution
		{3E8E0183-74C4-446F-9255-29CD7877E9C7}.Debug|Any CPU.ActiveCfg = Debug|Any CPU
		{3E8E0183-74C4-446F-9255-29CD7877E9C7}.Debug|Any CPU.Build.0 = Debug|Any CPU
		{3E8E0183-74C4-446F-9255-29CD7877E9C7}.Release|Any CPU.ActiveCfg = Release|Any CPU
		{3E8E0183-74C4-446F-9255-29CD7877E9C7}.Release|Any CPU.Build.0 = Release|Any CPU
		{A875BC89-3164-4A3F-B4CF-9CF539FE171B}.Debug|Any CPU.ActiveCfg = Debug|Any CPU
		{A875BC89-3164-4A3F-B4CF-9CF539FE171B}.Debug|Any CPU.Build.0 = Debug|Any CPU
		{A875BC89-3164-4A3F-B4CF-9CF539FE171B}.Release|Any CPU.ActiveCfg = Release|Any CPU
		{A875BC89-3164-4A3F-B4CF-9CF539FE171B}.Release|Any CPU.Build.0 = Release|Any CPU
		{20CBFFAC-1B79-4C34-9037-DFE99F9739B2}.Debug|Any CPU.ActiveCfg = Debug|Any CPU
		{20CBFFAC-1B79-4C34-9037-DFE99F9739B2}.Debug|Any CPU.Build.0 = Debug|Any CPU
		{20CBFFAC-1B79-4C34-9037-DFE99F9739B2}.Release|Any CPU.ActiveCfg = Release|Any CPU
		{20CBFFAC-1B79-4C34-9037-DFE99F9739B2}.Release|Any CPU.Build.0 = Release|Any CPU
		{F55468E7-1605-427B-9571-594E085B6B6A}.Debug|Any CPU.ActiveCfg = Debug|Any CPU
		{F55468E7-1605-427B-9571-594E085B6B6A}.Debug|Any CPU.Build.0 = Debug|Any CPU
		{F55468E7-1605-427B-9571-594E085B6B6A}.Release|Any CPU.ActiveCfg = Release|Any CPU
		{F55468E7-1605-427B-9571-594E085B6B6A}.Release|Any CPU.Build.0 = Release|Any CPU
		{7B6EC09B-413D-497F-8144-9C212F3C2C7B}.Debug|Any CPU.ActiveCfg = Debug|Any CPU
		{7B6EC09B-413D-497F-8144-9C212F3C2C7B}.Debug|Any CPU.Build.0 = Debug|Any CPU
		{7B6EC09B-413D-497F-8144-9C212F3C2C7B}.Release|Any CPU.ActiveCfg = Release|Any CPU
		{7B6EC09B-413D-497F-8144-9C212F3C2C7B}.Release|Any CPU.Build.0 = Release|Any CPU
		{1D7351E0-77D1-4E60-84E4-9C7537F3D031}.Debug|Any CPU.ActiveCfg = Debug|Any CPU
		{1D7351E0-77D1-4E60-84E4-9C7537F3D031}.Debug|Any CPU.Build.0 = Debug|Any CPU
		{1D7351E0-77D1-4E60-84E4-9C7537F3D031}.Release|Any CPU.ActiveCfg = Release|Any CPU
		{1D7351E0-77D1-4E60-84E4-9C7537F3D031}.Release|Any CPU.Build.0 = Release|Any CPU
	EndGlobalSection
	GlobalSection(SolutionProperties) = preSolution
		HideSolutionNode = FALSE
	EndGlobalSection
	GlobalSection(ExtensibilityGlobals) = postSolution
		SolutionGuid = {39FC88A5-E765-4743-8EB8-346DA86F8001}
	EndGlobalSection
EndGlobal
